
Microsoft Visual Studio Solution File, Format Version 12.00
# Visual Studio Version 17
VisualStudioVersion = 17.7.34024.191
MinimumVisualStudioVersion = 10.0.40219.1
Project("{FAE04EC0-301F-11D3-BF4B-00C04F79EFBC}") = "试验台", "试验台.csproj", "{F68E1B78-2684-4E70-9C91-A4453C3D8ADE}"
EndProject
Global
	GlobalSection(SolutionConfigurationPlatforms) = preSolution
		Debug|Any CPU = Debug|Any CPU
		Release|Any CPU = Release|Any CPU
	EndGlobalSection
	GlobalSection(ProjectConfigurationPlatforms) = postSolution
		{F68E1B78-2684-4E70-9C91-A4453C3D8ADE}.Debug|Any CPU.ActiveCfg = Debug|Any CPU
		{F68E1B78-2684-4E70-9C91-A4453C3D8ADE}.Debug|Any CPU.Build.0 = Debug|Any CPU
		{F68E1B78-2684-4E70-9C91-A4453C3D8ADE}.Release|Any CPU.ActiveCfg = Release|Any CPU
		{F68E1B78-2684-4E70-9C91-A4453C3D8ADE}.Release|Any CPU.Build.0 = Release|Any CPU
	EndGlobalSection
	GlobalSection(SolutionProperties) = preSolution
		HideSolutionNode = FALSE
	EndGlobalSection
	GlobalSection(ExtensibilityGlobals) = postSolution
		SolutionGuid = {33A96295-D2D9-4D19-8A0F-BD44C224FF73}
	EndGlobalSection
EndGlobal
